{
  "name": "@client-side/shared-lib",
  "version": "0.0.1",
  "lockfileVersion": 2,
  "requires": true,
  "packages": {
    "": {
      "name": "@client-side/shared-lib",
      "version": "0.0.1",
      "dependencies": {
        "@client-side/shared-lib": "file:"
      }
    },
    "node_modules/@client-side/shared-lib": {
      "resolved": "",
      "link": true
    }
  },
  "dependencies": {
    "@client-side/shared-lib": {
      "version": "file:",
      "requires": {
        "@client-side/shared-lib": "file:"
      }
    }
  }
}
